// !$*UTF8*$!
{
	archiveVersion = 1;
	classes = {
	};
	objectVersion = 55;
	objects = {

/* Begin PBXBuildFile section */
		06018C389D57F4F8D940C75A /* Pods_HeroesApp.framework in Frameworks */ = {isa = PBXBuildFile; fileRef = 4F2734A6DCD1B587C6B12397 /* Pods_HeroesApp.framework */; };
		3543B6E827665ABF0005871B /* DataBaseProvider.swift in Sources */ = {isa = PBXBuildFile; fileRef = 3543B6E727665ABF0005871B /* DataBaseProvider.swift */; };
		3543B6EB27665CD90005871B /* CommandsProvider.swift in Sources */ = {isa = PBXBuildFile; fileRef = 3543B6EA27665CD90005871B /* CommandsProvider.swift */; };
		3543B6ED27665EE70005871B /* HeroesProvider.swift in Sources */ = {isa = PBXBuildFile; fileRef = 3543B6EC27665EE70005871B /* HeroesProvider.swift */; };
		3543B6F5276660ED0005871B /* Router.swift in Sources */ = {isa = PBXBuildFile; fileRef = 3543B6F4276660ED0005871B /* Router.swift */; };
		3543B6F7276660F70005871B /* Assembler.swift in Sources */ = {isa = PBXBuildFile; fileRef = 3543B6F6276660F70005871B /* Assembler.swift */; };
		3543B6FB2766617F0005871B /* NetworkService.swift in Sources */ = {isa = PBXBuildFile; fileRef = 3543B6FA2766617F0005871B /* NetworkService.swift */; };
		3543B6FD276661930005871B /* Hero.swift in Sources */ = {isa = PBXBuildFile; fileRef = 3543B6FC276661930005871B /* Hero.swift */; };
		3543B6FF276661D50005871B /* ShowCommandsViewController.swift in Sources */ = {isa = PBXBuildFile; fileRef = 3543B6FE276661D50005871B /* ShowCommandsViewController.swift */; };
		3543B701276661EA0005871B /* ShowCommandsPresenter.swift in Sources */ = {isa = PBXBuildFile; fileRef = 3543B700276661EA0005871B /* ShowCommandsPresenter.swift */; };
		3543B703276662090005871B /* CreateCommandViewController.swift in Sources */ = {isa = PBXBuildFile; fileRef = 3543B702276662090005871B /* CreateCommandViewController.swift */; };
		3543B705276662180005871B /* CreateCommandPresenter.swift in Sources */ = {isa = PBXBuildFile; fileRef = 3543B704276662180005871B /* CreateCommandPresenter.swift */; };
		3543B707276662270005871B /* CreateHeroViewController.swift in Sources */ = {isa = PBXBuildFile; fileRef = 3543B706276662270005871B /* CreateHeroViewController.swift */; };
		3543B709276662350005871B /* CreateHeroPresenter.swift in Sources */ = {isa = PBXBuildFile; fileRef = 3543B708276662350005871B /* CreateHeroPresenter.swift */; };
		3543B70B2766624A0005871B /* EditCommandViewController.swift in Sources */ = {isa = PBXBuildFile; fileRef = 3543B70A2766624A0005871B /* EditCommandViewController.swift */; };
		3543B70D276662580005871B /* EditCommandPresenter.swift in Sources */ = {isa = PBXBuildFile; fileRef = 3543B70C276662580005871B /* EditCommandPresenter.swift */; };
		35A801592768E9C500D08223 /* CustomizeHeroPresenter.swift in Sources */ = {isa = PBXBuildFile; fileRef = 35A801582768E9C500D08223 /* CustomizeHeroPresenter.swift */; };
		35A8015B2768E9DC00D08223 /* CustomizeHeroViewController.swift in Sources */ = {isa = PBXBuildFile; fileRef = 35A8015A2768E9DC00D08223 /* CustomizeHeroViewController.swift */; };
		35B4558227663A8B00850909 /* AppDelegate.swift in Sources */ = {isa = PBXBuildFile; fileRef = 35B4558127663A8B00850909 /* AppDelegate.swift */; };
		35B4558427663A8B00850909 /* SceneDelegate.swift in Sources */ = {isa = PBXBuildFile; fileRef = 35B4558327663A8B00850909 /* SceneDelegate.swift */; };
		35B4558C27663A8B00850909 /* HeroesApp.xcdatamodeld in Sources */ = {isa = PBXBuildFile; fileRef = 35B4558A27663A8B00850909 /* HeroesApp.xcdatamodeld */; };
		35B4558E27663A8F00850909 /* Assets.xcassets in Resources */ = {isa = PBXBuildFile; fileRef = 35B4558D27663A8F00850909 /* Assets.xcassets */; };
		35B4559127663A8F00850909 /* LaunchScreen.storyboard in Resources */ = {isa = PBXBuildFile; fileRef = 35B4558F27663A8F00850909 /* LaunchScreen.storyboard */; };
		35B4559C27663A8F00850909 /* HeroesAppTests.swift in Sources */ = {isa = PBXBuildFile; fileRef = 35B4559B27663A8F00850909 /* HeroesAppTests.swift */; };
		35B455A627663A8F00850909 /* HeroesAppUITests.swift in Sources */ = {isa = PBXBuildFile; fileRef = 35B455A527663A8F00850909 /* HeroesAppUITests.swift */; };
		35B455A827663A8F00850909 /* HeroesAppUITestsLaunchTests.swift in Sources */ = {isa = PBXBuildFile; fileRef = 35B455A727663A8F00850909 /* HeroesAppUITestsLaunchTests.swift */; };
		886F395AA805FEA5E3627D6C /* Pods_HeroesApp_HeroesAppUITests.framework in Frameworks */ = {isa = PBXBuildFile; fileRef = 5CF01552BC137545E6516B40 /* Pods_HeroesApp_HeroesAppUITests.framework */; };
		8EA4AE97F1CC6556C9174EF1 /* Pods_HeroesAppTests.framework in Frameworks */ = {isa = PBXBuildFile; fileRef = 8FA045CC803A13BDD3E20B47 /* Pods_HeroesAppTests.framework */; };
/* End PBXBuildFile section */

/* Begin PBXContainerItemProxy section */
		35B4559827663A8F00850909 /* PBXContainerItemProxy */ = {
			isa = PBXContainerItemProxy;
			containerPortal = 35B4557627663A8B00850909 /* Project object */;
			proxyType = 1;
			remoteGlobalIDString = 35B4557D27663A8B00850909;
			remoteInfo = HeroesApp;
		};
		35B455A227663A8F00850909 /* PBXContainerItemProxy */ = {
			isa = PBXContainerItemProxy;
			containerPortal = 35B4557627663A8B00850909 /* Project object */;
			proxyType = 1;
			remoteGlobalIDString = 35B4557D27663A8B00850909;
			remoteInfo = HeroesApp;
		};
/* End PBXContainerItemProxy section */

/* Begin PBXFileReference section */
		3543B6E727665ABF0005871B /* DataBaseProvider.swift */ = {isa = PBXFileReference; lastKnownFileType = sourcecode.swift; path = DataBaseProvider.swift; sourceTree = "<group>"; };
		3543B6EA27665CD90005871B /* CommandsProvider.swift */ = {isa = PBXFileReference; lastKnownFileType = sourcecode.swift; path = CommandsProvider.swift; sourceTree = "<group>"; };
		3543B6EC27665EE70005871B /* HeroesProvider.swift */ = {isa = PBXFileReference; lastKnownFileType = sourcecode.swift; path = HeroesProvider.swift; sourceTree = "<group>"; };
		3543B6F4276660ED0005871B /* Router.swift */ = {isa = PBXFileReference; lastKnownFileType = sourcecode.swift; path = Router.swift; sourceTree = "<group>"; };
		3543B6F6276660F70005871B /* Assembler.swift */ = {isa = PBXFileReference; lastKnownFileType = sourcecode.swift; path = Assembler.swift; sourceTree = "<group>"; };
		3543B6FA2766617F0005871B /* NetworkService.swift */ = {isa = PBXFileReference; lastKnownFileType = sourcecode.swift; path = NetworkService.swift; sourceTree = "<group>"; };
		3543B6FC276661930005871B /* Hero.swift */ = {isa = PBXFileReference; lastKnownFileType = sourcecode.swift; path = Hero.swift; sourceTree = "<group>"; };
		3543B6FE276661D50005871B /* ShowCommandsViewController.swift */ = {isa = PBXFileReference; lastKnownFileType = sourcecode.swift; path = ShowCommandsViewController.swift; sourceTree = "<group>"; };
		3543B700276661EA0005871B /* ShowCommandsPresenter.swift */ = {isa = PBXFileReference; lastKnownFileType = sourcecode.swift; path = ShowCommandsPresenter.swift; sourceTree = "<group>"; };
		3543B702276662090005871B /* CreateCommandViewController.swift */ = {isa = PBXFileReference; lastKnownFileType = sourcecode.swift; path = CreateCommandViewController.swift; sourceTree = "<group>"; };
		3543B704276662180005871B /* CreateCommandPresenter.swift */ = {isa = PBXFileReference; lastKnownFileType = sourcecode.swift; path = CreateCommandPresenter.swift; sourceTree = "<group>"; };
		3543B706276662270005871B /* CreateHeroViewController.swift */ = {isa = PBXFileReference; lastKnownFileType = sourcecode.swift; path = CreateHeroViewController.swift; sourceTree = "<group>"; };
		3543B708276662350005871B /* CreateHeroPresenter.swift */ = {isa = PBXFileReference; lastKnownFileType = sourcecode.swift; path = CreateHeroPresenter.swift; sourceTree = "<group>"; };
		3543B70A2766624A0005871B /* EditCommandViewController.swift */ = {isa = PBXFileReference; lastKnownFileType = sourcecode.swift; path = EditCommandViewController.swift; sourceTree = "<group>"; };
		3543B70C276662580005871B /* EditCommandPresenter.swift */ = {isa = PBXFileReference; lastKnownFileType = sourcecode.swift; path = EditCommandPresenter.swift; sourceTree = "<group>"; };
		35A801582768E9C500D08223 /* CustomizeHeroPresenter.swift */ = {isa = PBXFileReference; lastKnownFileType = sourcecode.swift; path = CustomizeHeroPresenter.swift; sourceTree = "<group>"; };
		35A8015A2768E9DC00D08223 /* CustomizeHeroViewController.swift */ = {isa = PBXFileReference; lastKnownFileType = sourcecode.swift; path = CustomizeHeroViewController.swift; sourceTree = "<group>"; };
		35B4557E27663A8B00850909 /* HeroesApp.app */ = {isa = PBXFileReference; explicitFileType = wrapper.application; includeInIndex = 0; path = HeroesApp.app; sourceTree = BUILT_PRODUCTS_DIR; };
		35B4558127663A8B00850909 /* AppDelegate.swift */ = {isa = PBXFileReference; lastKnownFileType = sourcecode.swift; path = AppDelegate.swift; sourceTree = "<group>"; };
		35B4558327663A8B00850909 /* SceneDelegate.swift */ = {isa = PBXFileReference; lastKnownFileType = sourcecode.swift; path = SceneDelegate.swift; sourceTree = "<group>"; };
		35B4558B27663A8B00850909 /* HeroesApp.xcdatamodel */ = {isa = PBXFileReference; lastKnownFileType = wrapper.xcdatamodel; path = HeroesApp.xcdatamodel; sourceTree = "<group>"; };
		35B4558D27663A8F00850909 /* Assets.xcassets */ = {isa = PBXFileReference; lastKnownFileType = folder.assetcatalog; path = Assets.xcassets; sourceTree = "<group>"; };
		35B4559027663A8F00850909 /* Base */ = {isa = PBXFileReference; lastKnownFileType = file.storyboard; name = Base; path = Base.lproj/LaunchScreen.storyboard; sourceTree = "<group>"; };
		35B4559227663A8F00850909 /* Info.plist */ = {isa = PBXFileReference; lastKnownFileType = text.plist.xml; path = Info.plist; sourceTree = "<group>"; };
		35B4559727663A8F00850909 /* HeroesAppTests.xctest */ = {isa = PBXFileReference; explicitFileType = wrapper.cfbundle; includeInIndex = 0; path = HeroesAppTests.xctest; sourceTree = BUILT_PRODUCTS_DIR; };
		35B4559B27663A8F00850909 /* HeroesAppTests.swift */ = {isa = PBXFileReference; lastKnownFileType = sourcecode.swift; path = HeroesAppTests.swift; sourceTree = "<group>"; };
		35B455A127663A8F00850909 /* HeroesAppUITests.xctest */ = {isa = PBXFileReference; explicitFileType = wrapper.cfbundle; includeInIndex = 0; path = HeroesAppUITests.xctest; sourceTree = BUILT_PRODUCTS_DIR; };
		35B455A527663A8F00850909 /* HeroesAppUITests.swift */ = {isa = PBXFileReference; lastKnownFileType = sourcecode.swift; path = HeroesAppUITests.swift; sourceTree = "<group>"; };
		35B455A727663A8F00850909 /* HeroesAppUITestsLaunchTests.swift */ = {isa = PBXFileReference; lastKnownFileType = sourcecode.swift; path = HeroesAppUITestsLaunchTests.swift; sourceTree = "<group>"; };
		4C41FF896F113A75979BD839 /* Pods-HeroesApp-HeroesAppUITests.release.xcconfig */ = {isa = PBXFileReference; includeInIndex = 1; lastKnownFileType = text.xcconfig; name = "Pods-HeroesApp-HeroesAppUITests.release.xcconfig"; path = "Target Support Files/Pods-HeroesApp-HeroesAppUITests/Pods-HeroesApp-HeroesAppUITests.release.xcconfig"; sourceTree = "<group>"; };
		4F2734A6DCD1B587C6B12397 /* Pods_HeroesApp.framework */ = {isa = PBXFileReference; explicitFileType = wrapper.framework; includeInIndex = 0; path = Pods_HeroesApp.framework; sourceTree = BUILT_PRODUCTS_DIR; };
		5CF01552BC137545E6516B40 /* Pods_HeroesApp_HeroesAppUITests.framework */ = {isa = PBXFileReference; explicitFileType = wrapper.framework; includeInIndex = 0; path = Pods_HeroesApp_HeroesAppUITests.framework; sourceTree = BUILT_PRODUCTS_DIR; };
		5F9FB95B22FAEF96A23A8750 /* Pods-HeroesApp.release.xcconfig */ = {isa = PBXFileReference; includeInIndex = 1; lastKnownFileType = text.xcconfig; name = "Pods-HeroesApp.release.xcconfig"; path = "Target Support Files/Pods-HeroesApp/Pods-HeroesApp.release.xcconfig"; sourceTree = "<group>"; };
		68B6CDB5F4A8D551E147FA1F /* Pods-HeroesAppTests.release.xcconfig */ = {isa = PBXFileReference; includeInIndex = 1; lastKnownFileType = text.xcconfig; name = "Pods-HeroesAppTests.release.xcconfig"; path = "Target Support Files/Pods-HeroesAppTests/Pods-HeroesAppTests.release.xcconfig"; sourceTree = "<group>"; };
		8FA045CC803A13BDD3E20B47 /* Pods_HeroesAppTests.framework */ = {isa = PBXFileReference; explicitFileType = wrapper.framework; includeInIndex = 0; path = Pods_HeroesAppTests.framework; sourceTree = BUILT_PRODUCTS_DIR; };
		9D3770DAEBD923531A0B1523 /* Pods-HeroesAppTests.debug.xcconfig */ = {isa = PBXFileReference; includeInIndex = 1; lastKnownFileType = text.xcconfig; name = "Pods-HeroesAppTests.debug.xcconfig"; path = "Target Support Files/Pods-HeroesAppTests/Pods-HeroesAppTests.debug.xcconfig"; sourceTree = "<group>"; };
		9E8F9C3BE39D20761B1AB7FE /* Pods-HeroesApp-HeroesAppUITests.debug.xcconfig */ = {isa = PBXFileReference; includeInIndex = 1; lastKnownFileType = text.xcconfig; name = "Pods-HeroesApp-HeroesAppUITests.debug.xcconfig"; path = "Target Support Files/Pods-HeroesApp-HeroesAppUITests/Pods-HeroesApp-HeroesAppUITests.debug.xcconfig"; sourceTree = "<group>"; };
		D522303BB2E4BDA98EEA6591 /* Pods-HeroesApp.debug.xcconfig */ = {isa = PBXFileReference; includeInIndex = 1; lastKnownFileType = text.xcconfig; name = "Pods-HeroesApp.debug.xcconfig"; path = "Target Support Files/Pods-HeroesApp/Pods-HeroesApp.debug.xcconfig"; sourceTree = "<group>"; };
/* End PBXFileReference section */

/* Begin PBXFrameworksBuildPhase section */
		35B4557B27663A8B00850909 /* Frameworks */ = {
			isa = PBXFrameworksBuildPhase;
			buildActionMask = 2147483647;
			files = (
				06018C389D57F4F8D940C75A /* Pods_HeroesApp.framework in Frameworks */,
			);
			runOnlyForDeploymentPostprocessing = 0;
		};
		35B4559427663A8F00850909 /* Frameworks */ = {
			isa = PBXFrameworksBuildPhase;
			buildActionMask = 2147483647;
			files = (
				8EA4AE97F1CC6556C9174EF1 /* Pods_HeroesAppTests.framework in Frameworks */,
			);
			runOnlyForDeploymentPostprocessing = 0;
		};
		35B4559E27663A8F00850909 /* Frameworks */ = {
			isa = PBXFrameworksBuildPhase;
			buildActionMask = 2147483647;
			files = (
				886F395AA805FEA5E3627D6C /* Pods_HeroesApp_HeroesAppUITests.framework in Frameworks */,
			);
			runOnlyForDeploymentPostprocessing = 0;
		};
/* End PBXFrameworksBuildPhase section */

/* Begin PBXGroup section */
		3543B6E927665CB10005871B /* DataLayer */ = {
			isa = PBXGroup;
			children = (
				3543B6E727665ABF0005871B /* DataBaseProvider.swift */,
				3543B6EA27665CD90005871B /* CommandsProvider.swift */,
				3543B6EC27665EE70005871B /* HeroesProvider.swift */,
				35B4558A27663A8B00850909 /* HeroesApp.xcdatamodeld */,
			);
			path = DataLayer;
			sourceTree = "<group>";
		};
		3543B6EE276660290005871B /* Modules */ = {
			isa = PBXGroup;
			children = (
				35A801552768E99600D08223 /* CustomizeHeroModule */,
				3543B6F22766606C0005871B /* EditCommandModule */,
				3543B6F12766605D0005871B /* CreateHeroModule */,
				3543B6F0276660480005871B /* CreateCommandModule */,
				3543B6EF276660360005871B /* ShowCommandsModule */,
			);
			path = Modules;
			sourceTree = "<group>";
		};
		3543B6EF276660360005871B /* ShowCommandsModule */ = {
			isa = PBXGroup;
			children = (
				3543B6FE276661D50005871B /* ShowCommandsViewController.swift */,
				3543B700276661EA0005871B /* ShowCommandsPresenter.swift */,
			);
			path = ShowCommandsModule;
			sourceTree = "<group>";
		};
		3543B6F0276660480005871B /* CreateCommandModule */ = {
			isa = PBXGroup;
			children = (
				3543B702276662090005871B /* CreateCommandViewController.swift */,
				3543B704276662180005871B /* CreateCommandPresenter.swift */,
			);
			path = CreateCommandModule;
			sourceTree = "<group>";
		};
		3543B6F12766605D0005871B /* CreateHeroModule */ = {
			isa = PBXGroup;
			children = (
				3543B706276662270005871B /* CreateHeroViewController.swift */,
				3543B708276662350005871B /* CreateHeroPresenter.swift */,
			);
			path = CreateHeroModule;
			sourceTree = "<group>";
		};
		3543B6F22766606C0005871B /* EditCommandModule */ = {
			isa = PBXGroup;
			children = (
				3543B70A2766624A0005871B /* EditCommandViewController.swift */,
				3543B70C276662580005871B /* EditCommandPresenter.swift */,
			);
			path = EditCommandModule;
			sourceTree = "<group>";
		};
		3543B6F3276660D30005871B /* AppLayer */ = {
			isa = PBXGroup;
			children = (
				3543B6F4276660ED0005871B /* Router.swift */,
				3543B6F6276660F70005871B /* Assembler.swift */,
			);
			path = AppLayer;
			sourceTree = "<group>";
		};
		3543B6F82766613A0005871B /* NetworkLayer */ = {
			isa = PBXGroup;
			children = (
				3543B6FA2766617F0005871B /* NetworkService.swift */,
				3543B6FC276661930005871B /* Hero.swift */,
			);
			path = NetworkLayer;
			sourceTree = "<group>";
		};
		3543B6F92766614D0005871B /* ServiceLayers */ = {
			isa = PBXGroup;
			children = (
				3543B6E927665CB10005871B /* DataLayer */,
				3543B6F3276660D30005871B /* AppLayer */,
				3543B6F82766613A0005871B /* NetworkLayer */,
			);
			path = ServiceLayers;
			sourceTree = "<group>";
		};
		35A801552768E99600D08223 /* CustomizeHeroModule */ = {
			isa = PBXGroup;
			children = (
				35A8015A2768E9DC00D08223 /* CustomizeHeroViewController.swift */,
				35A801582768E9C500D08223 /* CustomizeHeroPresenter.swift */,
			);
			path = CustomizeHeroModule;
			sourceTree = "<group>";
		};
		35B4557527663A8B00850909 = {
			isa = PBXGroup;
			children = (
				35B4558027663A8B00850909 /* HeroesApp */,
				35B4559A27663A8F00850909 /* HeroesAppTests */,
				35B455A427663A8F00850909 /* HeroesAppUITests */,
				35B4557F27663A8B00850909 /* Products */,
				C069C104259EC9947C0281C3 /* Pods */,
				D9AE2F959362F89691EBBDC6 /* Frameworks */,
			);
			sourceTree = "<group>";
		};
		35B4557F27663A8B00850909 /* Products */ = {
			isa = PBXGroup;
			children = (
				35B4557E27663A8B00850909 /* HeroesApp.app */,
				35B4559727663A8F00850909 /* HeroesAppTests.xctest */,
				35B455A127663A8F00850909 /* HeroesAppUITests.xctest */,
			);
			name = Products;
			sourceTree = "<group>";
		};
		35B4558027663A8B00850909 /* HeroesApp */ = {
			isa = PBXGroup;
			children = (
				3543B6F92766614D0005871B /* ServiceLayers */,
				3543B6EE276660290005871B /* Modules */,
				35B4558127663A8B00850909 /* AppDelegate.swift */,
				35B4558327663A8B00850909 /* SceneDelegate.swift */,
				35B4558D27663A8F00850909 /* Assets.xcassets */,
				35B4558F27663A8F00850909 /* LaunchScreen.storyboard */,
				35B4559227663A8F00850909 /* Info.plist */,
			);
			path = HeroesApp;
			sourceTree = "<group>";
		};
		35B4559A27663A8F00850909 /* HeroesAppTests */ = {
			isa = PBXGroup;
			children = (
				35B4559B27663A8F00850909 /* HeroesAppTests.swift */,
			);
			path = HeroesAppTests;
			sourceTree = "<group>";
		};
		35B455A427663A8F00850909 /* HeroesAppUITests */ = {
			isa = PBXGroup;
			children = (
				35B455A527663A8F00850909 /* HeroesAppUITests.swift */,
				35B455A727663A8F00850909 /* HeroesAppUITestsLaunchTests.swift */,
			);
			path = HeroesAppUITests;
			sourceTree = "<group>";
		};
		C069C104259EC9947C0281C3 /* Pods */ = {
			isa = PBXGroup;
			children = (
				D522303BB2E4BDA98EEA6591 /* Pods-HeroesApp.debug.xcconfig */,
				5F9FB95B22FAEF96A23A8750 /* Pods-HeroesApp.release.xcconfig */,
				9E8F9C3BE39D20761B1AB7FE /* Pods-HeroesApp-HeroesAppUITests.debug.xcconfig */,
				4C41FF896F113A75979BD839 /* Pods-HeroesApp-HeroesAppUITests.release.xcconfig */,
				9D3770DAEBD923531A0B1523 /* Pods-HeroesAppTests.debug.xcconfig */,
				68B6CDB5F4A8D551E147FA1F /* Pods-HeroesAppTests.release.xcconfig */,
			);
			path = Pods;
			sourceTree = "<group>";
		};
		D9AE2F959362F89691EBBDC6 /* Frameworks */ = {
			isa = PBXGroup;
			children = (
				4F2734A6DCD1B587C6B12397 /* Pods_HeroesApp.framework */,
				5CF01552BC137545E6516B40 /* Pods_HeroesApp_HeroesAppUITests.framework */,
				8FA045CC803A13BDD3E20B47 /* Pods_HeroesAppTests.framework */,
			);
			name = Frameworks;
			sourceTree = "<group>";
		};
/* End PBXGroup section */

/* Begin PBXNativeTarget section */
		35B4557D27663A8B00850909 /* HeroesApp */ = {
			isa = PBXNativeTarget;
			buildConfigurationList = 35B455AB27663A8F00850909 /* Build configuration list for PBXNativeTarget "HeroesApp" */;
			buildPhases = (
				2C6B5A36E79866FF8E4C15DB /* [CP] Check Pods Manifest.lock */,
				35B4557A27663A8B00850909 /* Sources */,
				35B4557B27663A8B00850909 /* Frameworks */,
				35B4557C27663A8B00850909 /* Resources */,
				040EBA81B0F4C8563073F5F1 /* [CP] Embed Pods Frameworks */,
			);
			buildRules = (
			);
			dependencies = (
			);
			name = HeroesApp;
			productName = HeroesApp;
			productReference = 35B4557E27663A8B00850909 /* HeroesApp.app */;
			productType = "com.apple.product-type.application";
		};
		35B4559627663A8F00850909 /* HeroesAppTests */ = {
			isa = PBXNativeTarget;
			buildConfigurationList = 35B455AE27663A8F00850909 /* Build configuration list for PBXNativeTarget "HeroesAppTests" */;
			buildPhases = (
				40B919184951C4547E076D13 /* [CP] Check Pods Manifest.lock */,
				35B4559327663A8F00850909 /* Sources */,
				35B4559427663A8F00850909 /* Frameworks */,
				35B4559527663A8F00850909 /* Resources */,
			);
			buildRules = (
			);
			dependencies = (
				35B4559927663A8F00850909 /* PBXTargetDependency */,
			);
			name = HeroesAppTests;
			productName = HeroesAppTests;
			productReference = 35B4559727663A8F00850909 /* HeroesAppTests.xctest */;
			productType = "com.apple.product-type.bundle.unit-test";
		};
		35B455A027663A8F00850909 /* HeroesAppUITests */ = {
			isa = PBXNativeTarget;
			buildConfigurationList = 35B455B127663A8F00850909 /* Build configuration list for PBXNativeTarget "HeroesAppUITests" */;
			buildPhases = (
				CAFC86BF368556A2BD4519F9 /* [CP] Check Pods Manifest.lock */,
				35B4559D27663A8F00850909 /* Sources */,
				35B4559E27663A8F00850909 /* Frameworks */,
				35B4559F27663A8F00850909 /* Resources */,
				D150905FC4FF990A9D4BC8CF /* [CP] Embed Pods Frameworks */,
			);
			buildRules = (
			);
			dependencies = (
				35B455A327663A8F00850909 /* PBXTargetDependency */,
			);
			name = HeroesAppUITests;
			productName = HeroesAppUITests;
			productReference = 35B455A127663A8F00850909 /* HeroesAppUITests.xctest */;
			productType = "com.apple.product-type.bundle.ui-testing";
		};
/* End PBXNativeTarget section */

/* Begin PBXProject section */
		35B4557627663A8B00850909 /* Project object */ = {
			isa = PBXProject;
			attributes = {
				BuildIndependentTargetsInParallel = 1;
				LastSwiftUpdateCheck = 1310;
				LastUpgradeCheck = 1310;
				TargetAttributes = {
					35B4557D27663A8B00850909 = {
						CreatedOnToolsVersion = 13.1;
					};
					35B4559627663A8F00850909 = {
						CreatedOnToolsVersion = 13.1;
						TestTargetID = 35B4557D27663A8B00850909;
					};
					35B455A027663A8F00850909 = {
						CreatedOnToolsVersion = 13.1;
						TestTargetID = 35B4557D27663A8B00850909;
					};
				};
			};
			buildConfigurationList = 35B4557927663A8B00850909 /* Build configuration list for PBXProject "HeroesApp" */;
			compatibilityVersion = "Xcode 13.0";
			developmentRegion = en;
			hasScannedForEncodings = 0;
			knownRegions = (
				en,
				Base,
			);
			mainGroup = 35B4557527663A8B00850909;
			productRefGroup = 35B4557F27663A8B00850909 /* Products */;
			projectDirPath = "";
			projectRoot = "";
			targets = (
				35B4557D27663A8B00850909 /* HeroesApp */,
				35B4559627663A8F00850909 /* HeroesAppTests */,
				35B455A027663A8F00850909 /* HeroesAppUITests */,
			);
		};
/* End PBXProject section */

/* Begin PBXResourcesBuildPhase section */
		35B4557C27663A8B00850909 /* Resources */ = {
			isa = PBXResourcesBuildPhase;
			buildActionMask = 2147483647;
			files = (
				35B4559127663A8F00850909 /* LaunchScreen.storyboard in Resources */,
				35B4558E27663A8F00850909 /* Assets.xcassets in Resources */,
			);
			runOnlyForDeploymentPostprocessing = 0;
		};
		35B4559527663A8F00850909 /* Resources */ = {
			isa = PBXResourcesBuildPhase;
			buildActionMask = 2147483647;
			files = (
			);
			runOnlyForDeploymentPostprocessing = 0;
		};
		35B4559F27663A8F00850909 /* Resources */ = {
			isa = PBXResourcesBuildPhase;
			buildActionMask = 2147483647;
			files = (
			);
			runOnlyForDeploymentPostprocessing = 0;
		};
/* End PBXResourcesBuildPhase section */

/* Begin PBXShellScriptBuildPhase section */
		040EBA81B0F4C8563073F5F1 /* [CP] Embed Pods Frameworks */ = {
			isa = PBXShellScriptBuildPhase;
			buildActionMask = 2147483647;
			files = (
			);
			inputFileListPaths = (
				"${PODS_ROOT}/Target Support Files/Pods-HeroesApp/Pods-HeroesApp-frameworks-${CONFIGURATION}-input-files.xcfilelist",
			);
			name = "[CP] Embed Pods Frameworks";
			outputFileListPaths = (
				"${PODS_ROOT}/Target Support Files/Pods-HeroesApp/Pods-HeroesApp-frameworks-${CONFIGURATION}-output-files.xcfilelist",
			);
			runOnlyForDeploymentPostprocessing = 0;
			shellPath = /bin/sh;
			shellScript = "\"${PODS_ROOT}/Target Support Files/Pods-HeroesApp/Pods-HeroesApp-frameworks.sh\"\n";
			showEnvVarsInLog = 0;
		};
		2C6B5A36E79866FF8E4C15DB /* [CP] Check Pods Manifest.lock */ = {
			isa = PBXShellScriptBuildPhase;
			buildActionMask = 2147483647;
			files = (
			);
			inputFileListPaths = (
			);
			inputPaths = (
				"${PODS_PODFILE_DIR_PATH}/Podfile.lock",
				"${PODS_ROOT}/Manifest.lock",
			);
			name = "[CP] Check Pods Manifest.lock";
			outputFileListPaths = (
			);
			outputPaths = (
				"$(DERIVED_FILE_DIR)/Pods-HeroesApp-checkManifestLockResult.txt",
			);
			runOnlyForDeploymentPostprocessing = 0;
			shellPath = /bin/sh;
			shellScript = "diff \"${PODS_PODFILE_DIR_PATH}/Podfile.lock\" \"${PODS_ROOT}/Manifest.lock\" > /dev/null\nif [ $? != 0 ] ; then\n    # print error to STDERR\n    echo \"error: The sandbox is not in sync with the Podfile.lock. Run 'pod install' or update your CocoaPods installation.\" >&2\n    exit 1\nfi\n# This output is used by Xcode 'outputs' to avoid re-running this script phase.\necho \"SUCCESS\" > \"${SCRIPT_OUTPUT_FILE_0}\"\n";
			showEnvVarsInLog = 0;
		};
		40B919184951C4547E076D13 /* [CP] Check Pods Manifest.lock */ = {
			isa = PBXShellScriptBuildPhase;
			buildActionMask = 2147483647;
			files = (
			);
			inputFileListPaths = (
			);
			inputPaths = (
				"${PODS_PODFILE_DIR_PATH}/Podfile.lock",
				"${PODS_ROOT}/Manifest.lock",
			);
			name = "[CP] Check Pods Manifest.lock";
			outputFileListPaths = (
			);
			outputPaths = (
				"$(DERIVED_FILE_DIR)/Pods-HeroesAppTests-checkManifestLockResult.txt",
			);
			runOnlyForDeploymentPostprocessing = 0;
			shellPath = /bin/sh;
			shellScript = "diff \"${PODS_PODFILE_DIR_PATH}/Podfile.lock\" \"${PODS_ROOT}/Manifest.lock\" > /dev/null\nif [ $? != 0 ] ; then\n    # print error to STDERR\n    echo \"error: The sandbox is not in sync with the Podfile.lock. Run 'pod install' or update your CocoaPods installation.\" >&2\n    exit 1\nfi\n# This output is used by Xcode 'outputs' to avoid re-running this script phase.\necho \"SUCCESS\" > \"${SCRIPT_OUTPUT_FILE_0}\"\n";
			showEnvVarsInLog = 0;
		};
		CAFC86BF368556A2BD4519F9 /* [CP] Check Pods Manifest.lock */ = {
			isa = PBXShellScriptBuildPhase;
			buildActionMask = 2147483647;
			files = (
			);
			inputFileListPaths = (
			);
			inputPaths = (
				"${PODS_PODFILE_DIR_PATH}/Podfile.lock",
				"${PODS_ROOT}/Manifest.lock",
			);
			name = "[CP] Check Pods Manifest.lock";
			outputFileListPaths = (
			);
			outputPaths = (
				"$(DERIVED_FILE_DIR)/Pods-HeroesApp-HeroesAppUITests-checkManifestLockResult.txt",
			);
			runOnlyForDeploymentPostprocessing = 0;
			shellPath = /bin/sh;
			shellScript = "diff \"${PODS_PODFILE_DIR_PATH}/Podfile.lock\" \"${PODS_ROOT}/Manifest.lock\" > /dev/null\nif [ $? != 0 ] ; then\n    # print error to STDERR\n    echo \"error: The sandbox is not in sync with the Podfile.lock. Run 'pod install' or update your CocoaPods installation.\" >&2\n    exit 1\nfi\n# This output is used by Xcode 'outputs' to avoid re-running this script phase.\necho \"SUCCESS\" > \"${SCRIPT_OUTPUT_FILE_0}\"\n";
			showEnvVarsInLog = 0;
		};
		D150905FC4FF990A9D4BC8CF /* [CP] Embed Pods Frameworks */ = {
			isa = PBXShellScriptBuildPhase;
			buildActionMask = 2147483647;
			files = (
			);
			inputFileListPaths = (
				"${PODS_ROOT}/Target Support Files/Pods-HeroesApp-HeroesAppUITests/Pods-HeroesApp-HeroesAppUITests-frameworks-${CONFIGURATION}-input-files.xcfilelist",
			);
			name = "[CP] Embed Pods Frameworks";
			outputFileListPaths = (
				"${PODS_ROOT}/Target Support Files/Pods-HeroesApp-HeroesAppUITests/Pods-HeroesApp-HeroesAppUITests-frameworks-${CONFIGURATION}-output-files.xcfilelist",
			);
			runOnlyForDeploymentPostprocessing = 0;
			shellPath = /bin/sh;
			shellScript = "\"${PODS_ROOT}/Target Support Files/Pods-HeroesApp-HeroesAppUITests/Pods-HeroesApp-HeroesAppUITests-frameworks.sh\"\n";
			showEnvVarsInLog = 0;
		};
/* End PBXShellScriptBuildPhase section */

/* Begin PBXSourcesBuildPhase section */
		35B4557A27663A8B00850909 /* Sources */ = {
			isa = PBXSourcesBuildPhase;
			buildActionMask = 2147483647;
			files = (
				3543B709276662350005871B /* CreateHeroPresenter.swift in Sources */,
				3543B6FB2766617F0005871B /* NetworkService.swift in Sources */,
				35A801592768E9C500D08223 /* CustomizeHeroPresenter.swift in Sources */,
				3543B6F5276660ED0005871B /* Router.swift in Sources */,
				3543B6ED27665EE70005871B /* HeroesProvider.swift in Sources */,
				3543B70B2766624A0005871B /* EditCommandViewController.swift in Sources */,
				3543B6E827665ABF0005871B /* DataBaseProvider.swift in Sources */,
				3543B6F7276660F70005871B /* Assembler.swift in Sources */,
				35A8015B2768E9DC00D08223 /* CustomizeHeroViewController.swift in Sources */,
				3543B703276662090005871B /* CreateCommandViewController.swift in Sources */,
				3543B6FF276661D50005871B /* ShowCommandsViewController.swift in Sources */,
				3543B6FD276661930005871B /* Hero.swift in Sources */,
				3543B6EB27665CD90005871B /* CommandsProvider.swift in Sources */,
				3543B707276662270005871B /* CreateHeroViewController.swift in Sources */,
				3543B70D276662580005871B /* EditCommandPresenter.swift in Sources */,
				35B4558C27663A8B00850909 /* HeroesApp.xcdatamodeld in Sources */,
				35B4558227663A8B00850909 /* AppDelegate.swift in Sources */,
				3543B705276662180005871B /* CreateCommandPresenter.swift in Sources */,
				3543B701276661EA0005871B /* ShowCommandsPresenter.swift in Sources */,
				35B4558427663A8B00850909 /* SceneDelegate.swift in Sources */,
			);
			runOnlyForDeploymentPostprocessing = 0;
		};
		35B4559327663A8F00850909 /* Sources */ = {
			isa = PBXSourcesBuildPhase;
			buildActionMask = 2147483647;
			files = (
				35B4559C27663A8F00850909 /* HeroesAppTests.swift in Sources */,
			);
			runOnlyForDeploymentPostprocessing = 0;
		};
		35B4559D27663A8F00850909 /* Sources */ = {
			isa = PBXSourcesBuildPhase;
			buildActionMask = 2147483647;
			files = (
				35B455A827663A8F00850909 /* HeroesAppUITestsLaunchTests.swift in Sources */,
				35B455A627663A8F00850909 /* HeroesAppUITests.swift in Sources */,
			);
			runOnlyForDeploymentPostprocessing = 0;
		};
/* End PBXSourcesBuildPhase section */

/* Begin PBXTargetDependency section */
		35B4559927663A8F00850909 /* PBXTargetDependency */ = {
			isa = PBXTargetDependency;
			target = 35B4557D27663A8B00850909 /* HeroesApp */;
			targetProxy = 35B4559827663A8F00850909 /* PBXContainerItemProxy */;
		};
		35B455A327663A8F00850909 /* PBXTargetDependency */ = {
			isa = PBXTargetDependency;
			target = 35B4557D27663A8B00850909 /* HeroesApp */;
			targetProxy = 35B455A227663A8F00850909 /* PBXContainerItemProxy */;
		};
/* End PBXTargetDependency section */

/* Begin PBXVariantGroup section */
		35B4558F27663A8F00850909 /* LaunchScreen.storyboard */ = {
			isa = PBXVariantGroup;
			children = (
				35B4559027663A8F00850909 /* Base */,
			);
			name = LaunchScreen.storyboard;
			sourceTree = "<group>";
		};
/* End PBXVariantGroup section */

/* Begin XCBuildConfiguration section */
		35B455A927663A8F00850909 /* Debug */ = {
			isa = XCBuildConfiguration;
			buildSettings = {
				ALWAYS_SEARCH_USER_PATHS = NO;
				CLANG_ANALYZER_NONNULL = YES;
				CLANG_ANALYZER_NUMBER_OBJECT_CONVERSION = YES_AGGRESSIVE;
				CLANG_CXX_LANGUAGE_STANDARD = "gnu++17";
				CLANG_CXX_LIBRARY = "libc++";
				CLANG_ENABLE_MODULES = YES;
				CLANG_ENABLE_OBJC_ARC = YES;
				CLANG_ENABLE_OBJC_WEAK = YES;
				CLANG_WARN_BLOCK_CAPTURE_AUTORELEASING = YES;
				CLANG_WARN_BOOL_CONVERSION = YES;
				CLANG_WARN_COMMA = YES;
				CLANG_WARN_CONSTANT_CONVERSION = YES;
				CLANG_WARN_DEPRECATED_OBJC_IMPLEMENTATIONS = YES;
				CLANG_WARN_DIRECT_OBJC_ISA_USAGE = YES_ERROR;
				CLANG_WARN_DOCUMENTATION_COMMENTS = YES;
				CLANG_WARN_EMPTY_BODY = YES;
				CLANG_WARN_ENUM_CONVERSION = YES;
				CLANG_WARN_INFINITE_RECURSION = YES;
				CLANG_WARN_INT_CONVERSION = YES;
				CLANG_WARN_NON_LITERAL_NULL_CONVERSION = YES;
				CLANG_WARN_OBJC_IMPLICIT_RETAIN_SELF = YES;
				CLANG_WARN_OBJC_LITERAL_CONVERSION = YES;
				CLANG_WARN_OBJC_ROOT_CLASS = YES_ERROR;
				CLANG_WARN_QUOTED_INCLUDE_IN_FRAMEWORK_HEADER = YES;
				CLANG_WARN_RANGE_LOOP_ANALYSIS = YES;
				CLANG_WARN_STRICT_PROTOTYPES = YES;
				CLANG_WARN_SUSPICIOUS_MOVE = YES;
				CLANG_WARN_UNGUARDED_AVAILABILITY = YES_AGGRESSIVE;
				CLANG_WARN_UNREACHABLE_CODE = YES;
				CLANG_WARN__DUPLICATE_METHOD_MATCH = YES;
				COPY_PHASE_STRIP = NO;
				DEBUG_INFORMATION_FORMAT = dwarf;
				ENABLE_STRICT_OBJC_MSGSEND = YES;
				ENABLE_TESTABILITY = YES;
				GCC_C_LANGUAGE_STANDARD = gnu11;
				GCC_DYNAMIC_NO_PIC = NO;
				GCC_NO_COMMON_BLOCKS = YES;
				GCC_OPTIMIZATION_LEVEL = 0;
				GCC_PREPROCESSOR_DEFINITIONS = (
					"DEBUG=1",
					"$(inherited)",
				);
				GCC_WARN_64_TO_32_BIT_CONVERSION = YES;
				GCC_WARN_ABOUT_RETURN_TYPE = YES_ERROR;
				GCC_WARN_UNDECLARED_SELECTOR = YES;
				GCC_WARN_UNINITIALIZED_AUTOS = YES_AGGRESSIVE;
				GCC_WARN_UNUSED_FUNCTION = YES;
				GCC_WARN_UNUSED_VARIABLE = YES;
				IPHONEOS_DEPLOYMENT_TARGET = 15.0;
				MTL_ENABLE_DEBUG_INFO = INCLUDE_SOURCE;
				MTL_FAST_MATH = YES;
				ONLY_ACTIVE_ARCH = YES;
				SDKROOT = iphoneos;
				SWIFT_ACTIVE_COMPILATION_CONDITIONS = DEBUG;
				SWIFT_OPTIMIZATION_LEVEL = "-Onone";
			};
			name = Debug;
		};
		35B455AA27663A8F00850909 /* Release */ = {
			isa = XCBuildConfiguration;
			buildSettings = {
				ALWAYS_SEARCH_USER_PATHS = NO;
				CLANG_ANALYZER_NONNULL = YES;
				CLANG_ANALYZER_NUMBER_OBJECT_CONVERSION = YES_AGGRESSIVE;
				CLANG_CXX_LANGUAGE_STANDARD = "gnu++17";
				CLANG_CXX_LIBRARY = "libc++";
				CLANG_ENABLE_MODULES = YES;
				CLANG_ENABLE_OBJC_ARC = YES;
				CLANG_ENABLE_OBJC_WEAK = YES;
				CLANG_WARN_BLOCK_CAPTURE_AUTORELEASING = YES;
				CLANG_WARN_BOOL_CONVERSION = YES;
				CLANG_WARN_COMMA = YES;
				CLANG_WARN_CONSTANT_CONVERSION = YES;
				CLANG_WARN_DEPRECATED_OBJC_IMPLEMENTATIONS = YES;
				CLANG_WARN_DIRECT_OBJC_ISA_USAGE = YES_ERROR;
				CLANG_WARN_DOCUMENTATION_COMMENTS = YES;
				CLANG_WARN_EMPTY_BODY = YES;
				CLANG_WARN_ENUM_CONVERSION = YES;
				CLANG_WARN_INFINITE_RECURSION = YES;
				CLANG_WARN_INT_CONVERSION = YES;
				CLANG_WARN_NON_LITERAL_NULL_CONVERSION = YES;
				CLANG_WARN_OBJC_IMPLICIT_RETAIN_SELF = YES;
				CLANG_WARN_OBJC_LITERAL_CONVERSION = YES;
				CLANG_WARN_OBJC_ROOT_CLASS = YES_ERROR;
				CLANG_WARN_QUOTED_INCLUDE_IN_FRAMEWORK_HEADER = YES;
				CLANG_WARN_RANGE_LOOP_ANALYSIS = YES;
				CLANG_WARN_STRICT_PROTOTYPES = YES;
				CLANG_WARN_SUSPICIOUS_MOVE = YES;
				CLANG_WARN_UNGUARDED_AVAILABILITY = YES_AGGRESSIVE;
				CLANG_WARN_UNREACHABLE_CODE = YES;
				CLANG_WARN__DUPLICATE_METHOD_MATCH = YES;
				COPY_PHASE_STRIP = NO;
				DEBUG_INFORMATION_FORMAT = "dwarf-with-dsym";
				ENABLE_NS_ASSERTIONS = NO;
				ENABLE_STRICT_OBJC_MSGSEND = YES;
				GCC_C_LANGUAGE_STANDARD = gnu11;
				GCC_NO_COMMON_BLOCKS = YES;
				GCC_WARN_64_TO_32_BIT_CONVERSION = YES;
				GCC_WARN_ABOUT_RETURN_TYPE = YES_ERROR;
				GCC_WARN_UNDECLARED_SELECTOR = YES;
				GCC_WARN_UNINITIALIZED_AUTOS = YES_AGGRESSIVE;
				GCC_WARN_UNUSED_FUNCTION = YES;
				GCC_WARN_UNUSED_VARIABLE = YES;
				IPHONEOS_DEPLOYMENT_TARGET = 15.0;
				MTL_ENABLE_DEBUG_INFO = NO;
				MTL_FAST_MATH = YES;
				SDKROOT = iphoneos;
				SWIFT_COMPILATION_MODE = wholemodule;
				SWIFT_OPTIMIZATION_LEVEL = "-O";
				VALIDATE_PRODUCT = YES;
			};
			name = Release;
		};
		35B455AC27663A8F00850909 /* Debug */ = {
			isa = XCBuildConfiguration;
			baseConfigurationReference = D522303BB2E4BDA98EEA6591 /* Pods-HeroesApp.debug.xcconfig */;
			buildSettings = {
				ASSETCATALOG_COMPILER_APPICON_NAME = AppIcon;
				ASSETCATALOG_COMPILER_GLOBAL_ACCENT_COLOR_NAME = AccentColor;
				CODE_SIGN_STYLE = Automatic;
				CURRENT_PROJECT_VERSION = 1;
				GENERATE_INFOPLIST_FILE = YES;
				INFOPLIST_FILE = HeroesApp/Info.plist;
				INFOPLIST_KEY_UIApplicationSupportsIndirectInputEvents = YES;
				INFOPLIST_KEY_UILaunchStoryboardName = LaunchScreen;
				INFOPLIST_KEY_UISupportedInterfaceOrientations_iPad = "UIInterfaceOrientationPortrait UIInterfaceOrientationPortraitUpsideDown UIInterfaceOrientationLandscapeLeft UIInterfaceOrientationLandscapeRight";
				INFOPLIST_KEY_UISupportedInterfaceOrientations_iPhone = "UIInterfaceOrientationPortrait UIInterfaceOrientationLandscapeLeft UIInterfaceOrientationLandscapeRight";
				IPHONEOS_DEPLOYMENT_TARGET = 14.0;
				LD_RUNPATH_SEARCH_PATHS = (
					"$(inherited)",
					"@executable_path/Frameworks",
				);
				MARKETING_VERSION = 1.0;
				PRODUCT_BUNDLE_IDENTIFIER = com.vitalyemelyanov.HeroesApp;
				PRODUCT_NAME = "$(TARGET_NAME)";
				SWIFT_EMIT_LOC_STRINGS = YES;
				SWIFT_VERSION = 5.0;
				TARGETED_DEVICE_FAMILY = "1,2";
			};
			name = Debug;
		};
		35B455AD27663A8F00850909 /* Release */ = {
			isa = XCBuildConfiguration;
			baseConfigurationReference = 5F9FB95B22FAEF96A23A8750 /* Pods-HeroesApp.release.xcconfig */;
			buildSettings = {
				ASSETCATALOG_COMPILER_APPICON_NAME = AppIcon;
				ASSETCATALOG_COMPILER_GLOBAL_ACCENT_COLOR_NAME = AccentColor;
				CODE_SIGN_STYLE = Automatic;
				CURRENT_PROJECT_VERSION = 1;
				GENERATE_INFOPLIST_FILE = YES;
				INFOPLIST_FILE = HeroesApp/Info.plist;
				INFOPLIST_KEY_UIApplicationSupportsIndirectInputEvents = YES;
				INFOPLIST_KEY_UILaunchStoryboardName = LaunchScreen;
				INFOPLIST_KEY_UISupportedInterfaceOrientations_iPad = "UIInterfaceOrientationPortrait UIInterfaceOrientationPortraitUpsideDown UIInterfaceOrientationLandscapeLeft UIInterfaceOrientationLandscapeRight";
				INFOPLIST_KEY_UISupportedInterfaceOrientations_iPhone = "UIInterfaceOrientationPortrait UIInterfaceOrientationLandscapeLeft UIInterfaceOrientationLandscapeRight";
				IPHONEOS_DEPLOYMENT_TARGET = 14.0;
				LD_RUNPATH_SEARCH_PATHS = (
					"$(inherited)",
					"@executable_path/Frameworks",
				);
				MARKETING_VERSION = 1.0;
				PRODUCT_BUNDLE_IDENTIFIER = com.vitalyemelyanov.HeroesApp;
				PRODUCT_NAME = "$(TARGET_NAME)";
				SWIFT_EMIT_LOC_STRINGS = YES;
				SWIFT_VERSION = 5.0;
				TARGETED_DEVICE_FAMILY = "1,2";
			};
			name = Release;
		};
		35B455AF27663A8F00850909 /* Debug */ = {
			isa = XCBuildConfiguration;
			baseConfigurationReference = 9D3770DAEBD923531A0B1523 /* Pods-HeroesAppTests.debug.xcconfig */;
			buildSettings = {
				ALWAYS_EMBED_SWIFT_STANDARD_LIBRARIES = YES;
				BUNDLE_LOADER = "$(TEST_HOST)";
				CODE_SIGN_STYLE = Automatic;
				CURRENT_PROJECT_VERSION = 1;
				GENERATE_INFOPLIST_FILE = YES;
				IPHONEOS_DEPLOYMENT_TARGET = 15.0;
				LD_RUNPATH_SEARCH_PATHS = (
					"$(inherited)",
					"@executable_path/Frameworks",
					"@loader_path/Frameworks",
				);
				MARKETING_VERSION = 1.0;
				PRODUCT_BUNDLE_IDENTIFIER = com.vitalyemelyanov.HeroesAppTests;
				PRODUCT_NAME = "$(TARGET_NAME)";
				SWIFT_EMIT_LOC_STRINGS = NO;
				SWIFT_VERSION = 5.0;
				TARGETED_DEVICE_FAMILY = "1,2";
				TEST_HOST = "$(BUILT_PRODUCTS_DIR)/HeroesApp.app/HeroesApp";
			};
			name = Debug;
		};
		35B455B027663A8F00850909 /* Release */ = {
			isa = XCBuildConfiguration;
			baseConfigurationReference = 68B6CDB5F4A8D551E147FA1F /* Pods-HeroesAppTests.release.xcconfig */;
			buildSettings = {
				ALWAYS_EMBED_SWIFT_STANDARD_LIBRARIES = YES;
				BUNDLE_LOADER = "$(TEST_HOST)";
				CODE_SIGN_STYLE = Automatic;
				CURRENT_PROJECT_VERSION = 1;
				GENERATE_INFOPLIST_FILE = YES;
				IPHONEOS_DEPLOYMENT_TARGET = 15.0;
				LD_RUNPATH_SEARCH_PATHS = (
					"$(inherited)",
					"@executable_path/Frameworks",
					"@loader_path/Frameworks",
				);
				MARKETING_VERSION = 1.0;
				PRODUCT_BUNDLE_IDENTIFIER = com.vitalyemelyanov.HeroesAppTests;
				PRODUCT_NAME = "$(TARGET_NAME)";
				SWIFT_EMIT_LOC_STRINGS = NO;
				SWIFT_VERSION = 5.0;
				TARGETED_DEVICE_FAMILY = "1,2";
				TEST_HOST = "$(BUILT_PRODUCTS_DIR)/HeroesApp.app/HeroesApp";
			};
			name = Release;
		};
		35B455B227663A8F00850909 /* Debug */ = {
			isa = XCBuildConfiguration;
			baseConfigurationReference = 9E8F9C3BE39D20761B1AB7FE /* Pods-HeroesApp-HeroesAppUITests.debug.xcconfig */;
			buildSettings = {
				ALWAYS_EMBED_SWIFT_STANDARD_LIBRARIES = YES;
				CODE_SIGN_STYLE = Automatic;
				CURRENT_PROJECT_VERSION = 1;
				GENERATE_INFOPLIST_FILE = YES;
				LD_RUNPATH_SEARCH_PATHS = (
					"$(inherited)",
					"@executable_path/Frameworks",
					"@loader_path/Frameworks",
				);
				MARKETING_VERSION = 1.0;
				PRODUCT_BUNDLE_IDENTIFIER = com.vitalyemelyanov.HeroesAppUITests;
				PRODUCT_NAME = "$(TARGET_NAME)";
				SWIFT_EMIT_LOC_STRINGS = NO;
				SWIFT_VERSION = 5.0;
				TARGETED_DEVICE_FAMILY = "1,2";
				TEST_TARGET_NAME = HeroesApp;
			};
			name = Debug;
		};
		35B455B327663A8F00850909 /* Release */ = {
			isa = XCBuildConfiguration;
			baseConfigurationReference = 4C41FF896F113A75979BD839 /* Pods-HeroesApp-HeroesAppUITests.release.xcconfig */;
			buildSettings = {
				ALWAYS_EMBED_SWIFT_STANDARD_LIBRARIES = YES;
				CODE_SIGN_STYLE = Automatic;
				CURRENT_PROJECT_VERSION = 1;
				GENERATE_INFOPLIST_FILE = YES;
				LD_RUNPATH_SEARCH_PATHS = (
					"$(inherited)",
					"@executable_path/Frameworks",
					"@loader_path/Frameworks",
				);
				MARKETING_VERSION = 1.0;
				PRODUCT_BUNDLE_IDENTIFIER = com.vitalyemelyanov.HeroesAppUITests;
				PRODUCT_NAME = "$(TARGET_NAME)";
				SWIFT_EMIT_LOC_STRINGS = NO;
				SWIFT_VERSION = 5.0;
				TARGETED_DEVICE_FAMILY = "1,2";
				TEST_TARGET_NAME = HeroesApp;
			};
			name = Release;
		};
/* End XCBuildConfiguration section */

/* Begin XCConfigurationList section */
		35B4557927663A8B00850909 /* Build configuration list for PBXProject "HeroesApp" */ = {
			isa = XCConfigurationList;
			buildConfigurations = (
				35B455A927663A8F00850909 /* Debug */,
				35B455AA27663A8F00850909 /* Release */,
			);
			defaultConfigurationIsVisible = 0;
			defaultConfigurationName = Release;
		};
		35B455AB27663A8F00850909 /* Build configuration list for PBXNativeTarget "HeroesApp" */ = {
			isa = XCConfigurationList;
			buildConfigurations = (
				35B455AC27663A8F00850909 /* Debug */,
				35B455AD27663A8F00850909 /* Release */,
			);
			defaultConfigurationIsVisible = 0;
			defaultConfigurationName = Release;
		};
		35B455AE27663A8F00850909 /* Build configuration list for PBXNativeTarget "HeroesAppTests" */ = {
			isa = XCConfigurationList;
			buildConfigurations = (
				35B455AF27663A8F00850909 /* Debug */,
				35B455B027663A8F00850909 /* Release */,
			);
			defaultConfigurationIsVisible = 0;
			defaultConfigurationName = Release;
		};
		35B455B127663A8F00850909 /* Build configuration list for PBXNativeTarget "HeroesAppUITests" */ = {
			isa = XCConfigurationList;
			buildConfigurations = (
				35B455B227663A8F00850909 /* Debug */,
				35B455B327663A8F00850909 /* Release */,
			);
			defaultConfigurationIsVisible = 0;
			defaultConfigurationName = Release;
		};
/* End XCConfigurationList section */

/* Begin XCVersionGroup section */
		35B4558A27663A8B00850909 /* HeroesApp.xcdatamodeld */ = {
			isa = XCVersionGroup;
			children = (
				35B4558B27663A8B00850909 /* HeroesApp.xcdatamodel */,
			);
			currentVersion = 35B4558B27663A8B00850909 /* HeroesApp.xcdatamodel */;
			path = HeroesApp.xcdatamodeld;
			sourceTree = "<group>";
			versionGroupType = wrapper.xcdatamodel;
		};
/* End XCVersionGroup section */
	};
	rootObject = 35B4557627663A8B00850909 /* Project object */;
}
